
Microsoft Visual Studio Solution File, Format Version 12.00
# Visual Studio Version 16
VisualStudioVersion = 16.0.32106.194
MinimumVisualStudioVersion = 10.0.40219.1
Project("{FAE04EC0-301F-11D3-BF4B-00C04F79EFBC}") = "SmWikipediaWebApi", "SmWikipediaWebApi\SmWikipediaWebApi.csproj", "{6362BBB8-77C5-4E50-9179-132D62C6C23A}"
EndProject
Global
	GlobalSection(SolutionConfigurationPlatforms) = preSolution
		Debug|Any CPU = Debug|Any CPU
		Release|Any CPU = Release|Any CPU
	EndGlobalSection
	GlobalSection(ProjectConfigurationPlatforms) = postSolution
		{6362BBB8-77C5-4E50-9179-132D62C6C23A}.Debug|Any CPU.ActiveCfg = Debug|Any CPU
		{6362BBB8-77C5-4E50-9179-132D62C6C23A}.Debug|Any CPU.Build.0 = Debug|Any CPU
		{6362BBB8-77C5-4E50-9179-132D62C6C23A}.Release|Any CPU.ActiveCfg = Release|Any CPU
		{6362BBB8-77C5-4E50-9179-132D62C6C23A}.Release|Any CPU.Build.0 = Release|Any CPU
	EndGlobalSection
	GlobalSection(SolutionProperties) = preSolution
		HideSolutionNode = FALSE
	EndGlobalSection
	GlobalSection(ExtensibilityGlobals) = postSolution
		SolutionGuid = {84D058E0-4331-4446-9D24-F4613D039656}
	EndGlobalSection
EndGlobal
